
Microsoft Visual Studio Solution File, Format Version 12.00
# Visual Studio Version 16
VisualStudioVersion = 16.0.30204.135
MinimumVisualStudioVersion = 10.0.40219.1
Project("{FAE04EC0-301F-11D3-BF4B-00C04F79EFBC}") = "MedikeeperAPI", "MedikeeperAPI\MedikeeperAPI.csproj", "{F7E12863-A58C-438B-BACC-6782EC07A10C}"
EndProject
Global
	GlobalSection(SolutionConfigurationPlatforms) = preSolution
		Debug|Any CPU = Debug|Any CPU
		Release|Any CPU = Release|Any CPU
	EndGlobalSection
	GlobalSection(ProjectConfigurationPlatforms) = postSolution
		{F7E12863-A58C-438B-BACC-6782EC07A10C}.Debug|Any CPU.ActiveCfg = Debug|Any CPU
		{F7E12863-A58C-438B-BACC-6782EC07A10C}.Debug|Any CPU.Build.0 = Debug|Any CPU
		{F7E12863-A58C-438B-BACC-6782EC07A10C}.Release|Any CPU.ActiveCfg = Release|Any CPU
		{F7E12863-A58C-438B-BACC-6782EC07A10C}.Release|Any CPU.Build.0 = Release|Any CPU
	EndGlobalSection
	GlobalSection(SolutionProperties) = preSolution
		HideSolutionNode = FALSE
	EndGlobalSection
	GlobalSection(ExtensibilityGlobals) = postSolution
		SolutionGuid = {FD5F7D10-4FCD-4D99-BF5B-4EC4848299BE}
	EndGlobalSection
EndGlobal
